<?xml version="1.0" encoding="utf-8"?>
<Project ToolsVersion="4.0" xmlns="http://schemas.microsoft.com/developer/msbuild/2003">
  <ItemGroup>
    <Filter Include="Mod">
      <UniqueIdentifier>{4637d65e-ad4a-4b45-a994-5d5bd9051799}</UniqueIdentifier>
    </Filter>
    <Filter Include="Mod\NplCadExamples">
      <UniqueIdentifier>{618823e8-2559-415b-acbb-896744ffb7d5}</UniqueIdentifier>
    </Filter>
    <Filter Include="Mod\NplCadExamples\extrude">
      <UniqueIdentifier>{f2165dab-2665-4f07-82d4-d412ca3217ee}</UniqueIdentifier>
    </Filter>
    <Filter Include="Mod\NplCadExamples\bases">
      <UniqueIdentifier>{5bf2b987-f068-4541-b9dd-8bcffb0eeaa0}</UniqueIdentifier>
    </Filter>
  </ItemGroup>
  <ItemGroup>
    <None Include="Mod\NplCadExamples\bases\test_primitive3d.lua">
      <Filter>Mod\NplCadExamples\bases</Filter>
    </None>
    <None Include="Mod\NplCadExamples\bases\test_primitive2d.lua">
      <Filter>Mod\NplCadExamples\bases</Filter>
    </None>
    <None Include="Mod\NplCadExamples\extrude\test_linear_extrude.lua">
      <Filter>Mod\NplCadExamples\extrude</Filter>
    </None>
    <None Include="Mod\NplCadExamples\extrude\test_rectangular_extrude.lua">
      <Filter>Mod\NplCadExamples\extrude</Filter>
    </None>
    <None Include="Mod\NplCadExamples\extrude\test_rotate_extrude.lua">
      <Filter>Mod\NplCadExamples\extrude</Filter>
    </None>
    <None Include="Mod\NplCadExamples\bases\test_transform3d.lua">
      <Filter>Mod\NplCadExamples\bases</Filter>
    </None>
    <None Include="Mod\NplCadExamples\bases\parameter_defines.lua">
      <Filter>Mod\NplCadExamples\bases</Filter>
    </None>
    <None Include="Mod\NplCadExamples\bases\test_group.lua">
      <Filter>Mod\NplCadExamples\bases</Filter>
    </None>
    <None Include="Mod\NplCadExamples\dirtbike.lua">
      <Filter>Mod\NplCadExamples</Filter>
    </None>
  </ItemGroup>
</Project>